// !$*UTF8*$!
{
	archiveVersion = 1;
	classes = {
	};
	objectVersion = 51;
	objects = {

/* Begin PBXBuildFile section */
		33A3529DA773D2C0FF1921BE /* Pods_Country.framework in Frameworks */ = {isa = PBXBuildFile; fileRef = FA38E530CEBC49574C82C158 /* Pods_Country.framework */; };
		BB400B11237C6FF600EBCC52 /* CountryListPresenter.swift in Sources */ = {isa = PBXBuildFile; fileRef = BB400B10237C6FF600EBCC52 /* CountryListPresenter.swift */; };
		BB4588722380150C008F50A4 /* MockURLSession.swift in Sources */ = {isa = PBXBuildFile; fileRef = BB4588712380150C008F50A4 /* MockURLSession.swift */; };
		BB45887423801845008F50A4 /* RouterTest.swift in Sources */ = {isa = PBXBuildFile; fileRef = BB45887323801845008F50A4 /* RouterTest.swift */; };
		BB45887623801D89008F50A4 /* ApiService.swift in Sources */ = {isa = PBXBuildFile; fileRef = BBC0D496237C13FD0066D235 /* ApiService.swift */; };
		BB45887923802157008F50A4 /* Country.swift in Sources */ = {isa = PBXBuildFile; fileRef = BBC0D49F237C21870066D235 /* Country.swift */; };
		BB458882238021A1008F50A4 /* EndPoint.swift in Sources */ = {isa = PBXBuildFile; fileRef = BBF504D5237C4D8100F8DB3A /* EndPoint.swift */; };
		BB458883238021A1008F50A4 /* ParameterEncoding.swift in Sources */ = {isa = PBXBuildFile; fileRef = BBF504F6237C5B1F00F8DB3A /* ParameterEncoding.swift */; };
		BB458884238021A1008F50A4 /* URLParameterEncoding.swift in Sources */ = {isa = PBXBuildFile; fileRef = BBF504E6237C542A00F8DB3A /* URLParameterEncoding.swift */; };
		BB458885238021A1008F50A4 /* JSONParameterEncoder.swift in Sources */ = {isa = PBXBuildFile; fileRef = BBF504E7237C542A00F8DB3A /* JSONParameterEncoder.swift */; };
		BB458886238021A1008F50A4 /* NetworkManager.swift in Sources */ = {isa = PBXBuildFile; fileRef = BBF504DA237C542A00F8DB3A /* NetworkManager.swift */; };
		BB458887238021A1008F50A4 /* HTTPTask.swift in Sources */ = {isa = PBXBuildFile; fileRef = BBF504DD237C542A00F8DB3A /* HTTPTask.swift */; };
		BB458888238021A1008F50A4 /* HTTPMethod.swift in Sources */ = {isa = PBXBuildFile; fileRef = BBF504DE237C542A00F8DB3A /* HTTPMethod.swift */; };
		BB45888A238021A1008F50A4 /* EndPointType.swift in Sources */ = {isa = PBXBuildFile; fileRef = BBF504E1237C542A00F8DB3A /* EndPointType.swift */; };
		BB45888B238021AB008F50A4 /* Router.swift in Sources */ = {isa = PBXBuildFile; fileRef = BBF504DF237C542A00F8DB3A /* Router.swift */; };
		BB45888D2380232A008F50A4 /* SessionProtocols.swift in Sources */ = {isa = PBXBuildFile; fileRef = BB45888C2380232A008F50A4 /* SessionProtocols.swift */; };
		BB45888E23802388008F50A4 /* SessionProtocols.swift in Sources */ = {isa = PBXBuildFile; fileRef = BB45888C2380232A008F50A4 /* SessionProtocols.swift */; };
		BB45888F238023F0008F50A4 /* Currencies.swift in Sources */ = {isa = PBXBuildFile; fileRef = BBC0D49E237C21870066D235 /* Currencies.swift */; };
		BB458890238023F0008F50A4 /* Languages.swift in Sources */ = {isa = PBXBuildFile; fileRef = BBC0D4A1237C21870066D235 /* Languages.swift */; };
		BB458891238023F0008F50A4 /* RegionalBlocs.swift in Sources */ = {isa = PBXBuildFile; fileRef = BBC0D4A2237C21870066D235 /* RegionalBlocs.swift */; };
		BB458892238023F0008F50A4 /* Translations.swift in Sources */ = {isa = PBXBuildFile; fileRef = BBC0D4A0237C21870066D235 /* Translations.swift */; };
		BB61B92623854A100079C7BC /* CountrySettingsVC.swift in Sources */ = {isa = PBXBuildFile; fileRef = BB61B92523854A100079C7BC /* CountrySettingsVC.swift */; };
		BB61B92823854C0A0079C7BC /* SettingTVC.swift in Sources */ = {isa = PBXBuildFile; fileRef = BB61B92723854C0A0079C7BC /* SettingTVC.swift */; };
		BB61B92A23854D7D0079C7BC /* DetailModel.swift in Sources */ = {isa = PBXBuildFile; fileRef = BB61B92923854D7D0079C7BC /* DetailModel.swift */; };
		BB64927F238965F8008E7071 /* UIViewController+alert.swift in Sources */ = {isa = PBXBuildFile; fileRef = BB64927E238965F8008E7071 /* UIViewController+alert.swift */; };
		BB7B75B9238438CC00D77487 /* CountryDataTVC.swift in Sources */ = {isa = PBXBuildFile; fileRef = BB7B75B8238438CC00D77487 /* CountryDataTVC.swift */; };
		BB7EDC1C238036D90056B053 /* CountryTVC.swift in Sources */ = {isa = PBXBuildFile; fileRef = BB7EDC192380362D0056B053 /* CountryTVC.swift */; };
		BB7EDC2023804B650056B053 /* FilterVC.swift in Sources */ = {isa = PBXBuildFile; fileRef = BB7EDC1F23804B650056B053 /* FilterVC.swift */; };
		BB7EDC2523804FE50056B053 /* CountryModel.swift in Sources */ = {isa = PBXBuildFile; fileRef = BB7EDC2423804FE50056B053 /* CountryModel.swift */; };
		BB92BBEA237BFC6300D7A2E4 /* AppDelegate.swift in Sources */ = {isa = PBXBuildFile; fileRef = BB92BBE9237BFC6300D7A2E4 /* AppDelegate.swift */; };
		BB92BBEC237BFC6300D7A2E4 /* SceneDelegate.swift in Sources */ = {isa = PBXBuildFile; fileRef = BB92BBEB237BFC6300D7A2E4 /* SceneDelegate.swift */; };
		BB92BBEE237BFC6300D7A2E4 /* CountryListVC.swift in Sources */ = {isa = PBXBuildFile; fileRef = BB92BBED237BFC6300D7A2E4 /* CountryListVC.swift */; };
		BB92BBF1237BFC6300D7A2E4 /* Main.storyboard in Resources */ = {isa = PBXBuildFile; fileRef = BB92BBEF237BFC6300D7A2E4 /* Main.storyboard */; };
		BB92BBF3237BFC6800D7A2E4 /* Assets.xcassets in Resources */ = {isa = PBXBuildFile; fileRef = BB92BBF2237BFC6800D7A2E4 /* Assets.xcassets */; };
		BB92BBF6237BFC6800D7A2E4 /* LaunchScreen.storyboard in Resources */ = {isa = PBXBuildFile; fileRef = BB92BBF4237BFC6800D7A2E4 /* LaunchScreen.storyboard */; };
		BB92BC01237BFC6900D7A2E4 /* CountryTests.swift in Sources */ = {isa = PBXBuildFile; fileRef = BB92BC00237BFC6900D7A2E4 /* CountryTests.swift */; };
		BB92BC0C237BFC6900D7A2E4 /* CountryUITests.swift in Sources */ = {isa = PBXBuildFile; fileRef = BB92BC0B237BFC6900D7A2E4 /* CountryUITests.swift */; };
		BBABF3D323CF1E19003EB61A /* CountryDetailPresenter.swift in Sources */ = {isa = PBXBuildFile; fileRef = BBABF3D223CF1E19003EB61A /* CountryDetailPresenter.swift */; };
		BBC0D497237C13FD0066D235 /* ApiService.swift in Sources */ = {isa = PBXBuildFile; fileRef = BBC0D496237C13FD0066D235 /* ApiService.swift */; };
		BBC0D4A3237C21870066D235 /* Currencies.swift in Sources */ = {isa = PBXBuildFile; fileRef = BBC0D49E237C21870066D235 /* Currencies.swift */; };
		BBC0D4A4237C21870066D235 /* Country.swift in Sources */ = {isa = PBXBuildFile; fileRef = BBC0D49F237C21870066D235 /* Country.swift */; };
		BBC0D4A5237C21870066D235 /* Translations.swift in Sources */ = {isa = PBXBuildFile; fileRef = BBC0D4A0237C21870066D235 /* Translations.swift */; };
		BBC0D4A6237C21870066D235 /* Languages.swift in Sources */ = {isa = PBXBuildFile; fileRef = BBC0D4A1237C21870066D235 /* Languages.swift */; };
		BBC0D4A7237C21870066D235 /* RegionalBlocs.swift in Sources */ = {isa = PBXBuildFile; fileRef = BBC0D4A2237C21870066D235 /* RegionalBlocs.swift */; };
		BBC0D4AC237C283C0066D235 /* CountrySearchBarController.swift in Sources */ = {isa = PBXBuildFile; fileRef = BBC0D4AB237C283C0066D235 /* CountrySearchBarController.swift */; };
		BBE0098A2383EE1900E25348 /* FilterTVC.swift in Sources */ = {isa = PBXBuildFile; fileRef = BBE009892383EE1900E25348 /* FilterTVC.swift */; };
		BBE0098C23840D4200E25348 /* CountryDetailVC.swift in Sources */ = {isa = PBXBuildFile; fileRef = BBE0098B23840D4200E25348 /* CountryDetailVC.swift */; };
		BBE4BB5D23816ECD00F5E61A /* MockClient.swift in Sources */ = {isa = PBXBuildFile; fileRef = BBE4BB5C23816ECD00F5E61A /* MockClient.swift */; };
		BBE4BB5E23816EE100F5E61A /* CountryModel.swift in Sources */ = {isa = PBXBuildFile; fileRef = BB7EDC2423804FE50056B053 /* CountryModel.swift */; };
		BBE4BB61238171B200F5E61A /* NativeClient.swift in Sources */ = {isa = PBXBuildFile; fileRef = BBF504F4237C5A0200F8DB3A /* NativeClient.swift */; };
		BBE4BB632381725F00F5E61A /* CountryTVC.swift in Sources */ = {isa = PBXBuildFile; fileRef = BB7EDC192380362D0056B053 /* CountryTVC.swift */; };
		BBE4BB65238172E400F5E61A /* allCountryResponse.json in Resources */ = {isa = PBXBuildFile; fileRef = BBE4BB64238172E300F5E61A /* allCountryResponse.json */; };
		BBF504D6237C4D8100F8DB3A /* EndPoint.swift in Sources */ = {isa = PBXBuildFile; fileRef = BBF504D5237C4D8100F8DB3A /* EndPoint.swift */; };
		BBF504E8237C542B00F8DB3A /* NetworkManager.swift in Sources */ = {isa = PBXBuildFile; fileRef = BBF504DA237C542A00F8DB3A /* NetworkManager.swift */; };
		BBF504EA237C542B00F8DB3A /* HTTPTask.swift in Sources */ = {isa = PBXBuildFile; fileRef = BBF504DD237C542A00F8DB3A /* HTTPTask.swift */; };
		BBF504EB237C542B00F8DB3A /* HTTPMethod.swift in Sources */ = {isa = PBXBuildFile; fileRef = BBF504DE237C542A00F8DB3A /* HTTPMethod.swift */; };
		BBF504EC237C542B00F8DB3A /* Router.swift in Sources */ = {isa = PBXBuildFile; fileRef = BBF504DF237C542A00F8DB3A /* Router.swift */; };
		BBF504EE237C542B00F8DB3A /* EndPointType.swift in Sources */ = {isa = PBXBuildFile; fileRef = BBF504E1237C542A00F8DB3A /* EndPointType.swift */; };
		BBF504F1237C542B00F8DB3A /* URLParameterEncoding.swift in Sources */ = {isa = PBXBuildFile; fileRef = BBF504E6237C542A00F8DB3A /* URLParameterEncoding.swift */; };
		BBF504F2237C542B00F8DB3A /* JSONParameterEncoder.swift in Sources */ = {isa = PBXBuildFile; fileRef = BBF504E7237C542A00F8DB3A /* JSONParameterEncoder.swift */; };
		BBF504F5237C5A0200F8DB3A /* NativeClient.swift in Sources */ = {isa = PBXBuildFile; fileRef = BBF504F4237C5A0200F8DB3A /* NativeClient.swift */; };
		BBF504F7237C5B1F00F8DB3A /* ParameterEncoding.swift in Sources */ = {isa = PBXBuildFile; fileRef = BBF504F6237C5B1F00F8DB3A /* ParameterEncoding.swift */; };
		BD8B549F7CADC79C5C8851D8 /* Pods_Country_CountryUITests.framework in Frameworks */ = {isa = PBXBuildFile; fileRef = 297810903F4AEAD89F4AAE8B /* Pods_Country_CountryUITests.framework */; };
		F726EDDC410692C21978137C /* Pods_CountryTests.framework in Frameworks */ = {isa = PBXBuildFile; fileRef = 1DDA31D040E55EBD7AAD6947 /* Pods_CountryTests.framework */; };
/* End PBXBuildFile section */

/* Begin PBXContainerItemProxy section */
		BB92BBFD237BFC6900D7A2E4 /* PBXContainerItemProxy */ = {
			isa = PBXContainerItemProxy;
			containerPortal = BB92BBDE237BFC6300D7A2E4 /* Project object */;
			proxyType = 1;
			remoteGlobalIDString = BB92BBE5237BFC6300D7A2E4;
			remoteInfo = Country;
		};
		BB92BC08237BFC6900D7A2E4 /* PBXContainerItemProxy */ = {
			isa = PBXContainerItemProxy;
			containerPortal = BB92BBDE237BFC6300D7A2E4 /* Project object */;
			proxyType = 1;
			remoteGlobalIDString = BB92BBE5237BFC6300D7A2E4;
			remoteInfo = Country;
		};
/* End PBXContainerItemProxy section */

/* Begin PBXFileReference section */
		14EA130DC982082466D95FAA /* Pods-Country.release.xcconfig */ = {isa = PBXFileReference; includeInIndex = 1; lastKnownFileType = text.xcconfig; name = "Pods-Country.release.xcconfig"; path = "Target Support Files/Pods-Country/Pods-Country.release.xcconfig"; sourceTree = "<group>"; };
		1DDA31D040E55EBD7AAD6947 /* Pods_CountryTests.framework */ = {isa = PBXFileReference; explicitFileType = wrapper.framework; includeInIndex = 0; path = Pods_CountryTests.framework; sourceTree = BUILT_PRODUCTS_DIR; };
		297810903F4AEAD89F4AAE8B /* Pods_Country_CountryUITests.framework */ = {isa = PBXFileReference; explicitFileType = wrapper.framework; includeInIndex = 0; path = Pods_Country_CountryUITests.framework; sourceTree = BUILT_PRODUCTS_DIR; };
		911874D2513F8E017E3B3A79 /* Pods-CountryTests.release.xcconfig */ = {isa = PBXFileReference; includeInIndex = 1; lastKnownFileType = text.xcconfig; name = "Pods-CountryTests.release.xcconfig"; path = "Target Support Files/Pods-CountryTests/Pods-CountryTests.release.xcconfig"; sourceTree = "<group>"; };
		BB400B10237C6FF600EBCC52 /* CountryListPresenter.swift */ = {isa = PBXFileReference; lastKnownFileType = sourcecode.swift; path = CountryListPresenter.swift; sourceTree = "<group>"; };
		BB4588712380150C008F50A4 /* MockURLSession.swift */ = {isa = PBXFileReference; lastKnownFileType = sourcecode.swift; path = MockURLSession.swift; sourceTree = "<group>"; };
		BB45887323801845008F50A4 /* RouterTest.swift */ = {isa = PBXFileReference; lastKnownFileType = sourcecode.swift; path = RouterTest.swift; sourceTree = "<group>"; };
		BB45888C2380232A008F50A4 /* SessionProtocols.swift */ = {isa = PBXFileReference; lastKnownFileType = sourcecode.swift; path = SessionProtocols.swift; sourceTree = "<group>"; };
		BB61B92523854A100079C7BC /* CountrySettingsVC.swift */ = {isa = PBXFileReference; lastKnownFileType = sourcecode.swift; path = CountrySettingsVC.swift; sourceTree = "<group>"; };
		BB61B92723854C0A0079C7BC /* SettingTVC.swift */ = {isa = PBXFileReference; lastKnownFileType = sourcecode.swift; path = SettingTVC.swift; sourceTree = "<group>"; };
		BB61B92923854D7D0079C7BC /* DetailModel.swift */ = {isa = PBXFileReference; lastKnownFileType = sourcecode.swift; path = DetailModel.swift; sourceTree = "<group>"; };
		BB64927E238965F8008E7071 /* UIViewController+alert.swift */ = {isa = PBXFileReference; fileEncoding = 4; lastKnownFileType = sourcecode.swift; path = "UIViewController+alert.swift"; sourceTree = "<group>"; };
		BB7B75B8238438CC00D77487 /* CountryDataTVC.swift */ = {isa = PBXFileReference; lastKnownFileType = sourcecode.swift; path = CountryDataTVC.swift; sourceTree = "<group>"; };
		BB7EDC192380362D0056B053 /* CountryTVC.swift */ = {isa = PBXFileReference; lastKnownFileType = sourcecode.swift; path = CountryTVC.swift; sourceTree = "<group>"; };
		BB7EDC1F23804B650056B053 /* FilterVC.swift */ = {isa = PBXFileReference; lastKnownFileType = sourcecode.swift; path = FilterVC.swift; sourceTree = "<group>"; };
		BB7EDC2423804FE50056B053 /* CountryModel.swift */ = {isa = PBXFileReference; lastKnownFileType = sourcecode.swift; path = CountryModel.swift; sourceTree = "<group>"; };
		BB92BBE6237BFC6300D7A2E4 /* Country.app */ = {isa = PBXFileReference; explicitFileType = wrapper.application; includeInIndex = 0; path = Country.app; sourceTree = BUILT_PRODUCTS_DIR; };
		BB92BBE9237BFC6300D7A2E4 /* AppDelegate.swift */ = {isa = PBXFileReference; lastKnownFileType = sourcecode.swift; path = AppDelegate.swift; sourceTree = "<group>"; };
		BB92BBEB237BFC6300D7A2E4 /* SceneDelegate.swift */ = {isa = PBXFileReference; lastKnownFileType = sourcecode.swift; path = SceneDelegate.swift; sourceTree = "<group>"; };
		BB92BBED237BFC6300D7A2E4 /* CountryListVC.swift */ = {isa = PBXFileReference; lastKnownFileType = sourcecode.swift; path = CountryListVC.swift; sourceTree = "<group>"; };
		BB92BBF0237BFC6300D7A2E4 /* Base */ = {isa = PBXFileReference; lastKnownFileType = file.storyboard; name = Base; path = Base.lproj/Main.storyboard; sourceTree = "<group>"; };
		BB92BBF2237BFC6800D7A2E4 /* Assets.xcassets */ = {isa = PBXFileReference; lastKnownFileType = folder.assetcatalog; path = Assets.xcassets; sourceTree = "<group>"; };
		BB92BBF5237BFC6800D7A2E4 /* Base */ = {isa = PBXFileReference; lastKnownFileType = file.storyboard; name = Base; path = Base.lproj/LaunchScreen.storyboard; sourceTree = "<group>"; };
		BB92BBF7237BFC6800D7A2E4 /* Info.plist */ = {isa = PBXFileReference; lastKnownFileType = text.plist.xml; path = Info.plist; sourceTree = "<group>"; };
		BB92BBFC237BFC6900D7A2E4 /* CountryTests.xctest */ = {isa = PBXFileReference; explicitFileType = wrapper.cfbundle; includeInIndex = 0; path = CountryTests.xctest; sourceTree = BUILT_PRODUCTS_DIR; };
		BB92BC00237BFC6900D7A2E4 /* CountryTests.swift */ = {isa = PBXFileReference; lastKnownFileType = sourcecode.swift; path = CountryTests.swift; sourceTree = "<group>"; };
		BB92BC02237BFC6900D7A2E4 /* Info.plist */ = {isa = PBXFileReference; lastKnownFileType = text.plist.xml; path = Info.plist; sourceTree = "<group>"; };
		BB92BC07237BFC6900D7A2E4 /* CountryUITests.xctest */ = {isa = PBXFileReference; explicitFileType = wrapper.cfbundle; includeInIndex = 0; path = CountryUITests.xctest; sourceTree = BUILT_PRODUCTS_DIR; };
		BB92BC0B237BFC6900D7A2E4 /* CountryUITests.swift */ = {isa = PBXFileReference; lastKnownFileType = sourcecode.swift; path = CountryUITests.swift; sourceTree = "<group>"; };
		BB92BC0D237BFC6900D7A2E4 /* Info.plist */ = {isa = PBXFileReference; lastKnownFileType = text.plist.xml; path = Info.plist; sourceTree = "<group>"; };
		BB9F50C89FCB41A3713E3375 /* Pods-CountryTests.debug.xcconfig */ = {isa = PBXFileReference; includeInIndex = 1; lastKnownFileType = text.xcconfig; name = "Pods-CountryTests.debug.xcconfig"; path = "Target Support Files/Pods-CountryTests/Pods-CountryTests.debug.xcconfig"; sourceTree = "<group>"; };
		BBABF3D223CF1E19003EB61A /* CountryDetailPresenter.swift */ = {isa = PBXFileReference; lastKnownFileType = sourcecode.swift; path = CountryDetailPresenter.swift; sourceTree = "<group>"; };
		BBABF3D423CF24B6003EB61A /* CocoaLumberjack.framework */ = {isa = PBXFileReference; explicitFileType = wrapper.framework; path = CocoaLumberjack.framework; sourceTree = BUILT_PRODUCTS_DIR; };
		BBC0D496237C13FD0066D235 /* ApiService.swift */ = {isa = PBXFileReference; lastKnownFileType = sourcecode.swift; path = ApiService.swift; sourceTree = "<group>"; };
		BBC0D49E237C21870066D235 /* Currencies.swift */ = {isa = PBXFileReference; fileEncoding = 4; lastKnownFileType = sourcecode.swift; path = Currencies.swift; sourceTree = "<group>"; };
		BBC0D49F237C21870066D235 /* Country.swift */ = {isa = PBXFileReference; fileEncoding = 4; lastKnownFileType = sourcecode.swift; path = Country.swift; sourceTree = "<group>"; };
		BBC0D4A0237C21870066D235 /* Translations.swift */ = {isa = PBXFileReference; fileEncoding = 4; lastKnownFileType = sourcecode.swift; path = Translations.swift; sourceTree = "<group>"; };
		BBC0D4A1237C21870066D235 /* Languages.swift */ = {isa = PBXFileReference; fileEncoding = 4; lastKnownFileType = sourcecode.swift; path = Languages.swift; sourceTree = "<group>"; };
		BBC0D4A2237C21870066D235 /* RegionalBlocs.swift */ = {isa = PBXFileReference; fileEncoding = 4; lastKnownFileType = sourcecode.swift; path = RegionalBlocs.swift; sourceTree = "<group>"; };
		BBC0D4AB237C283C0066D235 /* CountrySearchBarController.swift */ = {isa = PBXFileReference; lastKnownFileType = sourcecode.swift; path = CountrySearchBarController.swift; sourceTree = "<group>"; };
		BBE009892383EE1900E25348 /* FilterTVC.swift */ = {isa = PBXFileReference; lastKnownFileType = sourcecode.swift; path = FilterTVC.swift; sourceTree = "<group>"; };
		BBE0098B23840D4200E25348 /* CountryDetailVC.swift */ = {isa = PBXFileReference; lastKnownFileType = sourcecode.swift; path = CountryDetailVC.swift; sourceTree = "<group>"; };
		BBE4BB5C23816ECD00F5E61A /* MockClient.swift */ = {isa = PBXFileReference; lastKnownFileType = sourcecode.swift; path = MockClient.swift; sourceTree = "<group>"; };
		BBE4BB64238172E300F5E61A /* allCountryResponse.json */ = {isa = PBXFileReference; lastKnownFileType = text.json; path = allCountryResponse.json; sourceTree = "<group>"; };
		BBF504D5237C4D8100F8DB3A /* EndPoint.swift */ = {isa = PBXFileReference; lastKnownFileType = sourcecode.swift; path = EndPoint.swift; sourceTree = "<group>"; };
		BBF504DA237C542A00F8DB3A /* NetworkManager.swift */ = {isa = PBXFileReference; fileEncoding = 4; lastKnownFileType = sourcecode.swift; path = NetworkManager.swift; sourceTree = "<group>"; };
		BBF504DD237C542A00F8DB3A /* HTTPTask.swift */ = {isa = PBXFileReference; fileEncoding = 4; lastKnownFileType = sourcecode.swift; path = HTTPTask.swift; sourceTree = "<group>"; };
		BBF504DE237C542A00F8DB3A /* HTTPMethod.swift */ = {isa = PBXFileReference; fileEncoding = 4; lastKnownFileType = sourcecode.swift; path = HTTPMethod.swift; sourceTree = "<group>"; };
		BBF504DF237C542A00F8DB3A /* Router.swift */ = {isa = PBXFileReference; fileEncoding = 4; lastKnownFileType = sourcecode.swift; path = Router.swift; sourceTree = "<group>"; };
		BBF504E1237C542A00F8DB3A /* EndPointType.swift */ = {isa = PBXFileReference; fileEncoding = 4; lastKnownFileType = sourcecode.swift; path = EndPointType.swift; sourceTree = "<group>"; };
		BBF504E6237C542A00F8DB3A /* URLParameterEncoding.swift */ = {isa = PBXFileReference; fileEncoding = 4; lastKnownFileType = sourcecode.swift; path = URLParameterEncoding.swift; sourceTree = "<group>"; };
		BBF504E7237C542A00F8DB3A /* JSONParameterEncoder.swift */ = {isa = PBXFileReference; fileEncoding = 4; lastKnownFileType = sourcecode.swift; path = JSONParameterEncoder.swift; sourceTree = "<group>"; };
		BBF504F4237C5A0200F8DB3A /* NativeClient.swift */ = {isa = PBXFileReference; lastKnownFileType = sourcecode.swift; path = NativeClient.swift; sourceTree = "<group>"; };
		BBF504F6237C5B1F00F8DB3A /* ParameterEncoding.swift */ = {isa = PBXFileReference; fileEncoding = 4; lastKnownFileType = sourcecode.swift; path = ParameterEncoding.swift; sourceTree = "<group>"; };
		CAFB8E0FFBFE367D8B801680 /* Pods-Country.debug.xcconfig */ = {isa = PBXFileReference; includeInIndex = 1; lastKnownFileType = text.xcconfig; name = "Pods-Country.debug.xcconfig"; path = "Target Support Files/Pods-Country/Pods-Country.debug.xcconfig"; sourceTree = "<group>"; };
		E28F3C4BF6623013373D9656 /* Pods-Country-CountryUITests.debug.xcconfig */ = {isa = PBXFileReference; includeInIndex = 1; lastKnownFileType = text.xcconfig; name = "Pods-Country-CountryUITests.debug.xcconfig"; path = "Target Support Files/Pods-Country-CountryUITests/Pods-Country-CountryUITests.debug.xcconfig"; sourceTree = "<group>"; };
		FA38E530CEBC49574C82C158 /* Pods_Country.framework */ = {isa = PBXFileReference; explicitFileType = wrapper.framework; includeInIndex = 0; path = Pods_Country.framework; sourceTree = BUILT_PRODUCTS_DIR; };
		FD8BE6EFDC2EF008F0BB6DA0 /* Pods-Country-CountryUITests.release.xcconfig */ = {isa = PBXFileReference; includeInIndex = 1; lastKnownFileType = text.xcconfig; name = "Pods-Country-CountryUITests.release.xcconfig"; path = "Target Support Files/Pods-Country-CountryUITests/Pods-Country-CountryUITests.release.xcconfig"; sourceTree = "<group>"; };
/* End PBXFileReference section */

/* Begin PBXFrameworksBuildPhase section */
		BB92BBE3237BFC6300D7A2E4 /* Frameworks */ = {
			isa = PBXFrameworksBuildPhase;
			buildActionMask = 2147483647;
			files = (
				33A3529DA773D2C0FF1921BE /* Pods_Country.framework in Frameworks */,
			);
			runOnlyForDeploymentPostprocessing = 0;
		};
		BB92BBF9237BFC6900D7A2E4 /* Frameworks */ = {
			isa = PBXFrameworksBuildPhase;
			buildActionMask = 2147483647;
			files = (
				F726EDDC410692C21978137C /* Pods_CountryTests.framework in Frameworks */,
			);
			runOnlyForDeploymentPostprocessing = 0;
		};
		BB92BC04237BFC6900D7A2E4 /* Frameworks */ = {
			isa = PBXFrameworksBuildPhase;
			buildActionMask = 2147483647;
			files = (
				BD8B549F7CADC79C5C8851D8 /* Pods_Country_CountryUITests.framework in Frameworks */,
			);
			runOnlyForDeploymentPostprocessing = 0;
		};
/* End PBXFrameworksBuildPhase section */

/* Begin PBXGroup section */
		813048B714AEC78F2DDA1958 /* Pods */ = {
			isa = PBXGroup;
			children = (
				CAFB8E0FFBFE367D8B801680 /* Pods-Country.debug.xcconfig */,
				14EA130DC982082466D95FAA /* Pods-Country.release.xcconfig */,
				E28F3C4BF6623013373D9656 /* Pods-Country-CountryUITests.debug.xcconfig */,
				FD8BE6EFDC2EF008F0BB6DA0 /* Pods-Country-CountryUITests.release.xcconfig */,
				BB9F50C89FCB41A3713E3375 /* Pods-CountryTests.debug.xcconfig */,
				911874D2513F8E017E3B3A79 /* Pods-CountryTests.release.xcconfig */,
			);
			path = Pods;
			sourceTree = "<group>";
		};
		BB6492802389660F008E7071 /* Utils */ = {
			isa = PBXGroup;
			children = (
				BB64927E238965F8008E7071 /* UIViewController+alert.swift */,
			);
			path = Utils;
			sourceTree = "<group>";
		};
		BB7EDC1B2380363C0056B053 /* Cell */ = {
			isa = PBXGroup;
			children = (
				BB7EDC192380362D0056B053 /* CountryTVC.swift */,
				BBE009892383EE1900E25348 /* FilterTVC.swift */,
				BB61B92723854C0A0079C7BC /* SettingTVC.swift */,
				BB7B75B8238438CC00D77487 /* CountryDataTVC.swift */,
			);
			path = Cell;
			sourceTree = "<group>";
		};
		BB7EDC2323804FAF0056B053 /* Model */ = {
			isa = PBXGroup;
			children = (
				BB7EDC2423804FE50056B053 /* CountryModel.swift */,
				BB61B92923854D7D0079C7BC /* DetailModel.swift */,
			);
			path = Model;
			sourceTree = "<group>";
		};
		BB92BBDD237BFC6300D7A2E4 = {
			isa = PBXGroup;
			children = (
				BB92BBE8237BFC6300D7A2E4 /* Country */,
				BB92BBFF237BFC6900D7A2E4 /* CountryTests */,
				BB92BC0A237BFC6900D7A2E4 /* CountryUITests */,
				BB92BBE7237BFC6300D7A2E4 /* Products */,
				813048B714AEC78F2DDA1958 /* Pods */,
				D1FEBEF0D9729E1C745FD745 /* Frameworks */,
			);
			sourceTree = "<group>";
		};
		BB92BBE7237BFC6300D7A2E4 /* Products */ = {
			isa = PBXGroup;
			children = (
				BB92BBE6237BFC6300D7A2E4 /* Country.app */,
				BB92BBFC237BFC6900D7A2E4 /* CountryTests.xctest */,
				BB92BC07237BFC6900D7A2E4 /* CountryUITests.xctest */,
			);
			name = Products;
			sourceTree = "<group>";
		};
		BB92BBE8237BFC6300D7A2E4 /* Country */ = {
			isa = PBXGroup;
			children = (
				BB92BBE9237BFC6300D7A2E4 /* AppDelegate.swift */,
				BB92BBEB237BFC6300D7A2E4 /* SceneDelegate.swift */,
				BBC0D49D237C16780066D235 /* View */,
				BBC0D4AA237C281B0066D235 /* Presenter */,
				BB7EDC2323804FAF0056B053 /* Model */,
				BBC0D495237C13660066D235 /* Domain */,
				BB6492802389660F008E7071 /* Utils */,
				BB92BBEF237BFC6300D7A2E4 /* Main.storyboard */,
				BB92BBF2237BFC6800D7A2E4 /* Assets.xcassets */,
				BB92BBF4237BFC6800D7A2E4 /* LaunchScreen.storyboard */,
				BB92BBF7237BFC6800D7A2E4 /* Info.plist */,
			);
			path = Country;
			sourceTree = "<group>";
		};
		BB92BBFF237BFC6900D7A2E4 /* CountryTests */ = {
			isa = PBXGroup;
			children = (
				BB92BC00237BFC6900D7A2E4 /* CountryTests.swift */,
				BB45887323801845008F50A4 /* RouterTest.swift */,
				BBE4BB5C23816ECD00F5E61A /* MockClient.swift */,
				BB4588712380150C008F50A4 /* MockURLSession.swift */,
				BBE4BB64238172E300F5E61A /* allCountryResponse.json */,
				BB92BC02237BFC6900D7A2E4 /* Info.plist */,
			);
			path = CountryTests;
			sourceTree = "<group>";
		};
		BB92BC0A237BFC6900D7A2E4 /* CountryUITests */ = {
			isa = PBXGroup;
			children = (
				BB92BC0B237BFC6900D7A2E4 /* CountryUITests.swift */,
				BB92BC0D237BFC6900D7A2E4 /* Info.plist */,
			);
			path = CountryUITests;
			sourceTree = "<group>";
		};
		BBC0D495237C13660066D235 /* Domain */ = {
			isa = PBXGroup;
			children = (
				BBC0D496237C13FD0066D235 /* ApiService.swift */,
				BBF504D7237C540F00F8DB3A /* NativeClient */,
				BBC0D498237C147E0066D235 /* Entity */,
			);
			path = Domain;
			sourceTree = "<group>";
		};
		BBC0D498237C147E0066D235 /* Entity */ = {
			isa = PBXGroup;
			children = (
				BBC0D4A8237C21AD0066D235 /* Country */,
			);
			path = Entity;
			sourceTree = "<group>";
		};
		BBC0D49D237C16780066D235 /* View */ = {
			isa = PBXGroup;
			children = (
				BB92BBED237BFC6300D7A2E4 /* CountryListVC.swift */,
				BB7EDC1F23804B650056B053 /* FilterVC.swift */,
				BBE0098B23840D4200E25348 /* CountryDetailVC.swift */,
				BB61B92523854A100079C7BC /* CountrySettingsVC.swift */,
				BB7EDC1B2380363C0056B053 /* Cell */,
			);
			path = View;
			sourceTree = "<group>";
		};
		BBC0D4A8237C21AD0066D235 /* Country */ = {
			isa = PBXGroup;
			children = (
				BBC0D49F237C21870066D235 /* Country.swift */,
				BBC0D49E237C21870066D235 /* Currencies.swift */,
				BBC0D4A1237C21870066D235 /* Languages.swift */,
				BBC0D4A2237C21870066D235 /* RegionalBlocs.swift */,
				BBC0D4A0237C21870066D235 /* Translations.swift */,
			);
			path = Country;
			sourceTree = "<group>";
		};
		BBC0D4AA237C281B0066D235 /* Presenter */ = {
			isa = PBXGroup;
			children = (
				BB400B10237C6FF600EBCC52 /* CountryListPresenter.swift */,
				BBABF3D223CF1E19003EB61A /* CountryDetailPresenter.swift */,
				BBC0D4AB237C283C0066D235 /* CountrySearchBarController.swift */,
			);
			path = Presenter;
			sourceTree = "<group>";
		};
		BBF504D7237C540F00F8DB3A /* NativeClient */ = {
			isa = PBXGroup;
			children = (
				BBF504F4237C5A0200F8DB3A /* NativeClient.swift */,
				BBF504F3237C59D000F8DB3A /* Endpoint */,
				BBF504E4237C542A00F8DB3A /* Encoding */,
				BBF504D9237C542A00F8DB3A /* Manager */,
				BBF504DB237C542A00F8DB3A /* Service */,
			);
			path = NativeClient;
			sourceTree = "<group>";
		};
		BBF504D9237C542A00F8DB3A /* Manager */ = {
			isa = PBXGroup;
			children = (
				BBF504DA237C542A00F8DB3A /* NetworkManager.swift */,
			);
			path = Manager;
			sourceTree = "<group>";
		};
		BBF504DB237C542A00F8DB3A /* Service */ = {
			isa = PBXGroup;
			children = (
				BBF504DD237C542A00F8DB3A /* HTTPTask.swift */,
				BBF504DE237C542A00F8DB3A /* HTTPMethod.swift */,
				BBF504DF237C542A00F8DB3A /* Router.swift */,
				BBF504E1237C542A00F8DB3A /* EndPointType.swift */,
				BB45888C2380232A008F50A4 /* SessionProtocols.swift */,
			);
			path = Service;
			sourceTree = "<group>";
		};
		BBF504E4237C542A00F8DB3A /* Encoding */ = {
			isa = PBXGroup;
			children = (
				BBF504F6237C5B1F00F8DB3A /* ParameterEncoding.swift */,
				BBF504E6237C542A00F8DB3A /* URLParameterEncoding.swift */,
				BBF504E7237C542A00F8DB3A /* JSONParameterEncoder.swift */,
			);
			path = Encoding;
			sourceTree = "<group>";
		};
		BBF504F3237C59D000F8DB3A /* Endpoint */ = {
			isa = PBXGroup;
			children = (
				BBF504D5237C4D8100F8DB3A /* EndPoint.swift */,
			);
			path = Endpoint;
			sourceTree = "<group>";
		};
		D1FEBEF0D9729E1C745FD745 /* Frameworks */ = {
			isa = PBXGroup;
			children = (
				BBABF3D423CF24B6003EB61A /* CocoaLumberjack.framework */,
				FA38E530CEBC49574C82C158 /* Pods_Country.framework */,
				297810903F4AEAD89F4AAE8B /* Pods_Country_CountryUITests.framework */,
				1DDA31D040E55EBD7AAD6947 /* Pods_CountryTests.framework */,
			);
			name = Frameworks;
			sourceTree = "<group>";
		};
/* End PBXGroup section */

/* Begin PBXNativeTarget section */
		BB92BBE5237BFC6300D7A2E4 /* Country */ = {
			isa = PBXNativeTarget;
			buildConfigurationList = BB92BC10237BFC6900D7A2E4 /* Build configuration list for PBXNativeTarget "Country" */;
			buildPhases = (
				9C88C6482741A01E5814E667 /* [CP] Check Pods Manifest.lock */,
				BB92BBE2237BFC6300D7A2E4 /* Sources */,
				BB92BBE3237BFC6300D7A2E4 /* Frameworks */,
				BB92BBE4237BFC6300D7A2E4 /* Resources */,
				3FABFAD5C1AAA28EA4D41BC4 /* [CP] Embed Pods Frameworks */,
			);
			buildRules = (
			);
			dependencies = (
			);
			name = Country;
			productName = Country;
			productReference = BB92BBE6237BFC6300D7A2E4 /* Country.app */;
			productType = "com.apple.product-type.application";
		};
		BB92BBFB237BFC6900D7A2E4 /* CountryTests */ = {
			isa = PBXNativeTarget;
			buildConfigurationList = BB92BC13237BFC6900D7A2E4 /* Build configuration list for PBXNativeTarget "CountryTests" */;
			buildPhases = (
				9A3E41E6A113ECC3BB1B8736 /* [CP] Check Pods Manifest.lock */,
				BB92BBF8237BFC6900D7A2E4 /* Sources */,
				BB92BBF9237BFC6900D7A2E4 /* Frameworks */,
				BB92BBFA237BFC6900D7A2E4 /* Resources */,
			);
			buildRules = (
			);
			dependencies = (
				BB92BBFE237BFC6900D7A2E4 /* PBXTargetDependency */,
			);
			name = CountryTests;
			productName = CountryTests;
			productReference = BB92BBFC237BFC6900D7A2E4 /* CountryTests.xctest */;
			productType = "com.apple.product-type.bundle.unit-test";
		};
		BB92BC06237BFC6900D7A2E4 /* CountryUITests */ = {
			isa = PBXNativeTarget;
			buildConfigurationList = BB92BC16237BFC6900D7A2E4 /* Build configuration list for PBXNativeTarget "CountryUITests" */;
			buildPhases = (
				265E5DD3AF1F65F659C07FE7 /* [CP] Check Pods Manifest.lock */,
				BB92BC03237BFC6900D7A2E4 /* Sources */,
				BB92BC04237BFC6900D7A2E4 /* Frameworks */,
				BB92BC05237BFC6900D7A2E4 /* Resources */,
				7AD541D76DAEEDE4C9FA791D /* [CP] Embed Pods Frameworks */,
			);
			buildRules = (
			);
			dependencies = (
				BB92BC09237BFC6900D7A2E4 /* PBXTargetDependency */,
			);
			name = CountryUITests;
			productName = CountryUITests;
			productReference = BB92BC07237BFC6900D7A2E4 /* CountryUITests.xctest */;
			productType = "com.apple.product-type.bundle.ui-testing";
		};
/* End PBXNativeTarget section */

/* Begin PBXProject section */
		BB92BBDE237BFC6300D7A2E4 /* Project object */ = {
			isa = PBXProject;
			attributes = {
				LastSwiftUpdateCheck = 1120;
				LastUpgradeCheck = 1120;
				ORGANIZATIONNAME = "Federico Piccirilli";
				TargetAttributes = {
					BB92BBE5237BFC6300D7A2E4 = {
						CreatedOnToolsVersion = 11.2;
					};
					BB92BBFB237BFC6900D7A2E4 = {
						CreatedOnToolsVersion = 11.2;
						TestTargetID = BB92BBE5237BFC6300D7A2E4;
					};
					BB92BC06237BFC6900D7A2E4 = {
						CreatedOnToolsVersion = 11.2;
						TestTargetID = BB92BBE5237BFC6300D7A2E4;
					};
				};
			};
			buildConfigurationList = BB92BBE1237BFC6300D7A2E4 /* Build configuration list for PBXProject "Country" */;
			compatibilityVersion = "Xcode 9.3";
			developmentRegion = en;
			hasScannedForEncodings = 0;
			knownRegions = (
				en,
				Base,
			);
			mainGroup = BB92BBDD237BFC6300D7A2E4;
			productRefGroup = BB92BBE7237BFC6300D7A2E4 /* Products */;
			projectDirPath = "";
			projectRoot = "";
			targets = (
				BB92BBE5237BFC6300D7A2E4 /* Country */,
				BB92BBFB237BFC6900D7A2E4 /* CountryTests */,
				BB92BC06237BFC6900D7A2E4 /* CountryUITests */,
			);
		};
/* End PBXProject section */

/* Begin PBXResourcesBuildPhase section */
		BB92BBE4237BFC6300D7A2E4 /* Resources */ = {
			isa = PBXResourcesBuildPhase;
			buildActionMask = 2147483647;
			files = (
				BB92BBF6237BFC6800D7A2E4 /* LaunchScreen.storyboard in Resources */,
				BB92BBF3237BFC6800D7A2E4 /* Assets.xcassets in Resources */,
				BB92BBF1237BFC6300D7A2E4 /* Main.storyboard in Resources */,
			);
			runOnlyForDeploymentPostprocessing = 0;
		};
		BB92BBFA237BFC6900D7A2E4 /* Resources */ = {
			isa = PBXResourcesBuildPhase;
			buildActionMask = 2147483647;
			files = (
				BBE4BB65238172E400F5E61A /* allCountryResponse.json in Resources */,
			);
			runOnlyForDeploymentPostprocessing = 0;
		};
		BB92BC05237BFC6900D7A2E4 /* Resources */ = {
			isa = PBXResourcesBuildPhase;
			buildActionMask = 2147483647;
			files = (
			);
			runOnlyForDeploymentPostprocessing = 0;
		};
/* End PBXResourcesBuildPhase section */

/* Begin PBXShellScriptBuildPhase section */
		265E5DD3AF1F65F659C07FE7 /* [CP] Check Pods Manifest.lock */ = {
			isa = PBXShellScriptBuildPhase;
			buildActionMask = 2147483647;
			files = (
			);
			inputFileListPaths = (
			);
			inputPaths = (
				"${PODS_PODFILE_DIR_PATH}/Podfile.lock",
				"${PODS_ROOT}/Manifest.lock",
			);
			name = "[CP] Check Pods Manifest.lock";
			outputFileListPaths = (
			);
			outputPaths = (
				"$(DERIVED_FILE_DIR)/Pods-Country-CountryUITests-checkManifestLockResult.txt",
			);
			runOnlyForDeploymentPostprocessing = 0;
			shellPath = /bin/sh;
			shellScript = "diff \"${PODS_PODFILE_DIR_PATH}/Podfile.lock\" \"${PODS_ROOT}/Manifest.lock\" > /dev/null\nif [ $? != 0 ] ; then\n    # print error to STDERR\n    echo \"error: The sandbox is not in sync with the Podfile.lock. Run 'pod install' or update your CocoaPods installation.\" >&2\n    exit 1\nfi\n# This output is used by Xcode 'outputs' to avoid re-running this script phase.\necho \"SUCCESS\" > \"${SCRIPT_OUTPUT_FILE_0}\"\n";
			showEnvVarsInLog = 0;
		};
		3FABFAD5C1AAA28EA4D41BC4 /* [CP] Embed Pods Frameworks */ = {
			isa = PBXShellScriptBuildPhase;
			buildActionMask = 2147483647;
			files = (
			);
			inputFileListPaths = (
				"${PODS_ROOT}/Target Support Files/Pods-Country/Pods-Country-frameworks-${CONFIGURATION}-input-files.xcfilelist",
			);
			name = "[CP] Embed Pods Frameworks";
			outputFileListPaths = (
				"${PODS_ROOT}/Target Support Files/Pods-Country/Pods-Country-frameworks-${CONFIGURATION}-output-files.xcfilelist",
			);
			runOnlyForDeploymentPostprocessing = 0;
			shellPath = /bin/sh;
			shellScript = "\"${PODS_ROOT}/Target Support Files/Pods-Country/Pods-Country-frameworks.sh\"\n";
			showEnvVarsInLog = 0;
		};
		7AD541D76DAEEDE4C9FA791D /* [CP] Embed Pods Frameworks */ = {
			isa = PBXShellScriptBuildPhase;
			buildActionMask = 2147483647;
			files = (
			);
			inputFileListPaths = (
				"${PODS_ROOT}/Target Support Files/Pods-Country-CountryUITests/Pods-Country-CountryUITests-frameworks-${CONFIGURATION}-input-files.xcfilelist",
			);
			name = "[CP] Embed Pods Frameworks";
			outputFileListPaths = (
				"${PODS_ROOT}/Target Support Files/Pods-Country-CountryUITests/Pods-Country-CountryUITests-frameworks-${CONFIGURATION}-output-files.xcfilelist",
			);
			runOnlyForDeploymentPostprocessing = 0;
			shellPath = /bin/sh;
			shellScript = "\"${PODS_ROOT}/Target Support Files/Pods-Country-CountryUITests/Pods-Country-CountryUITests-frameworks.sh\"\n";
			showEnvVarsInLog = 0;
		};
		9A3E41E6A113ECC3BB1B8736 /* [CP] Check Pods Manifest.lock */ = {
			isa = PBXShellScriptBuildPhase;
			buildActionMask = 2147483647;
			files = (
			);
			inputFileListPaths = (
			);
			inputPaths = (
				"${PODS_PODFILE_DIR_PATH}/Podfile.lock",
				"${PODS_ROOT}/Manifest.lock",
			);
			name = "[CP] Check Pods Manifest.lock";
			outputFileListPaths = (
			);
			outputPaths = (
				"$(DERIVED_FILE_DIR)/Pods-CountryTests-checkManifestLockResult.txt",
			);
			runOnlyForDeploymentPostprocessing = 0;
			shellPath = /bin/sh;
			shellScript = "diff \"${PODS_PODFILE_DIR_PATH}/Podfile.lock\" \"${PODS_ROOT}/Manifest.lock\" > /dev/null\nif [ $? != 0 ] ; then\n    # print error to STDERR\n    echo \"error: The sandbox is not in sync with the Podfile.lock. Run 'pod install' or update your CocoaPods installation.\" >&2\n    exit 1\nfi\n# This output is used by Xcode 'outputs' to avoid re-running this script phase.\necho \"SUCCESS\" > \"${SCRIPT_OUTPUT_FILE_0}\"\n";
			showEnvVarsInLog = 0;
		};
		9C88C6482741A01E5814E667 /* [CP] Check Pods Manifest.lock */ = {
			isa = PBXShellScriptBuildPhase;
			buildActionMask = 2147483647;
			files = (
			);
			inputFileListPaths = (
			);
			inputPaths = (
				"${PODS_PODFILE_DIR_PATH}/Podfile.lock",
				"${PODS_ROOT}/Manifest.lock",
			);
			name = "[CP] Check Pods Manifest.lock";
			outputFileListPaths = (
			);
			outputPaths = (
				"$(DERIVED_FILE_DIR)/Pods-Country-checkManifestLockResult.txt",
			);
			runOnlyForDeploymentPostprocessing = 0;
			shellPath = /bin/sh;
			shellScript = "diff \"${PODS_PODFILE_DIR_PATH}/Podfile.lock\" \"${PODS_ROOT}/Manifest.lock\" > /dev/null\nif [ $? != 0 ] ; then\n    # print error to STDERR\n    echo \"error: The sandbox is not in sync with the Podfile.lock. Run 'pod install' or update your CocoaPods installation.\" >&2\n    exit 1\nfi\n# This output is used by Xcode 'outputs' to avoid re-running this script phase.\necho \"SUCCESS\" > \"${SCRIPT_OUTPUT_FILE_0}\"\n";
			showEnvVarsInLog = 0;
		};
/* End PBXShellScriptBuildPhase section */

/* Begin PBXSourcesBuildPhase section */
		BB92BBE2237BFC6300D7A2E4 /* Sources */ = {
			isa = PBXSourcesBuildPhase;
			buildActionMask = 2147483647;
			files = (
				BBF504F7237C5B1F00F8DB3A /* ParameterEncoding.swift in Sources */,
				BB92BBEE237BFC6300D7A2E4 /* CountryListVC.swift in Sources */,
				BB7EDC2023804B650056B053 /* FilterVC.swift in Sources */,
				BBC0D4AC237C283C0066D235 /* CountrySearchBarController.swift in Sources */,
				BBC0D4A3237C21870066D235 /* Currencies.swift in Sources */,
				BB7EDC2523804FE50056B053 /* CountryModel.swift in Sources */,
				BB7EDC1C238036D90056B053 /* CountryTVC.swift in Sources */,
				BBF504EE237C542B00F8DB3A /* EndPointType.swift in Sources */,
				BBE0098C23840D4200E25348 /* CountryDetailVC.swift in Sources */,
				BB45888D2380232A008F50A4 /* SessionProtocols.swift in Sources */,
				BB7B75B9238438CC00D77487 /* CountryDataTVC.swift in Sources */,
				BBF504E8237C542B00F8DB3A /* NetworkManager.swift in Sources */,
				BB92BBEA237BFC6300D7A2E4 /* AppDelegate.swift in Sources */,
				BBC0D497237C13FD0066D235 /* ApiService.swift in Sources */,
				BBF504EA237C542B00F8DB3A /* HTTPTask.swift in Sources */,
				BB61B92A23854D7D0079C7BC /* DetailModel.swift in Sources */,
				BBABF3D323CF1E19003EB61A /* CountryDetailPresenter.swift in Sources */,
				BBC0D4A5237C21870066D235 /* Translations.swift in Sources */,
				BB400B11237C6FF600EBCC52 /* CountryListPresenter.swift in Sources */,
				BBC0D4A4237C21870066D235 /* Country.swift in Sources */,
				BBF504F5237C5A0200F8DB3A /* NativeClient.swift in Sources */,
				BBF504EC237C542B00F8DB3A /* Router.swift in Sources */,
				BB92BBEC237BFC6300D7A2E4 /* SceneDelegate.swift in Sources */,
				BB61B92823854C0A0079C7BC /* SettingTVC.swift in Sources */,
				BB64927F238965F8008E7071 /* UIViewController+alert.swift in Sources */,
				BBC0D4A7237C21870066D235 /* RegionalBlocs.swift in Sources */,
				BBE0098A2383EE1900E25348 /* FilterTVC.swift in Sources */,
				BBF504EB237C542B00F8DB3A /* HTTPMethod.swift in Sources */,
				BB61B92623854A100079C7BC /* CountrySettingsVC.swift in Sources */,
				BBF504F1237C542B00F8DB3A /* URLParameterEncoding.swift in Sources */,
				BBF504F2237C542B00F8DB3A /* JSONParameterEncoder.swift in Sources */,
				BBC0D4A6237C21870066D235 /* Languages.swift in Sources */,
				BBF504D6237C4D8100F8DB3A /* EndPoint.swift in Sources */,
			);
			runOnlyForDeploymentPostprocessing = 0;
		};
		BB92BBF8237BFC6900D7A2E4 /* Sources */ = {
			isa = PBXSourcesBuildPhase;
			buildActionMask = 2147483647;
			files = (
				BBE4BB5D23816ECD00F5E61A /* MockClient.swift in Sources */,
				BB458884238021A1008F50A4 /* URLParameterEncoding.swift in Sources */,
				BB458883238021A1008F50A4 /* ParameterEncoding.swift in Sources */,
				BB458891238023F0008F50A4 /* RegionalBlocs.swift in Sources */,
				BB458890238023F0008F50A4 /* Languages.swift in Sources */,
				BB458886238021A1008F50A4 /* NetworkManager.swift in Sources */,
				BBE4BB61238171B200F5E61A /* NativeClient.swift in Sources */,
				BB458882238021A1008F50A4 /* EndPoint.swift in Sources */,
				BB45887923802157008F50A4 /* Country.swift in Sources */,
				BB45887423801845008F50A4 /* RouterTest.swift in Sources */,
				BB45888A238021A1008F50A4 /* EndPointType.swift in Sources */,
				BB458892238023F0008F50A4 /* Translations.swift in Sources */,
				BB458885238021A1008F50A4 /* JSONParameterEncoder.swift in Sources */,
				BBE4BB5E23816EE100F5E61A /* CountryModel.swift in Sources */,
				BB458887238021A1008F50A4 /* HTTPTask.swift in Sources */,
				BB458888238021A1008F50A4 /* HTTPMethod.swift in Sources */,
				BB45888B238021AB008F50A4 /* Router.swift in Sources */,
				BB45888E23802388008F50A4 /* SessionProtocols.swift in Sources */,
				BB45887623801D89008F50A4 /* ApiService.swift in Sources */,
				BBE4BB632381725F00F5E61A /* CountryTVC.swift in Sources */,
				BB4588722380150C008F50A4 /* MockURLSession.swift in Sources */,
				BB45888F238023F0008F50A4 /* Currencies.swift in Sources */,
				BB92BC01237BFC6900D7A2E4 /* CountryTests.swift in Sources */,
			);
			runOnlyForDeploymentPostprocessing = 0;
		};
		BB92BC03237BFC6900D7A2E4 /* Sources */ = {
			isa = PBXSourcesBuildPhase;
			buildActionMask = 2147483647;
			files = (
				BB92BC0C237BFC6900D7A2E4 /* CountryUITests.swift in Sources */,
			);
			runOnlyForDeploymentPostprocessing = 0;
		};
/* End PBXSourcesBuildPhase section */

/* Begin PBXTargetDependency section */
		BB92BBFE237BFC6900D7A2E4 /* PBXTargetDependency */ = {
			isa = PBXTargetDependency;
			target = BB92BBE5237BFC6300D7A2E4 /* Country */;
			targetProxy = BB92BBFD237BFC6900D7A2E4 /* PBXContainerItemProxy */;
		};
		BB92BC09237BFC6900D7A2E4 /* PBXTargetDependency */ = {
			isa = PBXTargetDependency;
			target = BB92BBE5237BFC6300D7A2E4 /* Country */;
			targetProxy = BB92BC08237BFC6900D7A2E4 /* PBXContainerItemProxy */;
		};
/* End PBXTargetDependency section */

/* Begin PBXVariantGroup section */
		BB92BBEF237BFC6300D7A2E4 /* Main.storyboard */ = {
			isa = PBXVariantGroup;
			children = (
				BB92BBF0237BFC6300D7A2E4 /* Base */,
			);
			name = Main.storyboard;
			sourceTree = "<group>";
		};
		BB92BBF4237BFC6800D7A2E4 /* LaunchScreen.storyboard */ = {
			isa = PBXVariantGroup;
			children = (
				BB92BBF5237BFC6800D7A2E4 /* Base */,
			);
			name = LaunchScreen.storyboard;
			sourceTree = "<group>";
		};
/* End PBXVariantGroup section */

/* Begin XCBuildConfiguration section */
		BB92BC0E237BFC6900D7A2E4 /* Debug */ = {
			isa = XCBuildConfiguration;
			buildSettings = {
				ALWAYS_SEARCH_USER_PATHS = NO;
				CLANG_ANALYZER_NONNULL = YES;
				CLANG_ANALYZER_NUMBER_OBJECT_CONVERSION = YES_AGGRESSIVE;
				CLANG_CXX_LANGUAGE_STANDARD = "gnu++14";
				CLANG_CXX_LIBRARY = "libc++";
				CLANG_ENABLE_MODULES = YES;
				CLANG_ENABLE_OBJC_ARC = YES;
				CLANG_ENABLE_OBJC_WEAK = YES;
				CLANG_WARN_BLOCK_CAPTURE_AUTORELEASING = YES;
				CLANG_WARN_BOOL_CONVERSION = YES;
				CLANG_WARN_COMMA = YES;
				CLANG_WARN_CONSTANT_CONVERSION = YES;
				CLANG_WARN_DEPRECATED_OBJC_IMPLEMENTATIONS = YES;
				CLANG_WARN_DIRECT_OBJC_ISA_USAGE = YES_ERROR;
				CLANG_WARN_DOCUMENTATION_COMMENTS = YES;
				CLANG_WARN_EMPTY_BODY = YES;
				CLANG_WARN_ENUM_CONVERSION = YES;
				CLANG_WARN_INFINITE_RECURSION = YES;
				CLANG_WARN_INT_CONVERSION = YES;
				CLANG_WARN_NON_LITERAL_NULL_CONVERSION = YES;
				CLANG_WARN_OBJC_IMPLICIT_RETAIN_SELF = YES;
				CLANG_WARN_OBJC_LITERAL_CONVERSION = YES;
				CLANG_WARN_OBJC_ROOT_CLASS = YES_ERROR;
				CLANG_WARN_RANGE_LOOP_ANALYSIS = YES;
				CLANG_WARN_STRICT_PROTOTYPES = YES;
				CLANG_WARN_SUSPICIOUS_MOVE = YES;
				CLANG_WARN_UNGUARDED_AVAILABILITY = YES_AGGRESSIVE;
				CLANG_WARN_UNREACHABLE_CODE = YES;
				CLANG_WARN__DUPLICATE_METHOD_MATCH = YES;
				COPY_PHASE_STRIP = NO;
				DEBUG_INFORMATION_FORMAT = dwarf;
				ENABLE_STRICT_OBJC_MSGSEND = YES;
				ENABLE_TESTABILITY = YES;
				GCC_C_LANGUAGE_STANDARD = gnu11;
				GCC_DYNAMIC_NO_PIC = NO;
				GCC_NO_COMMON_BLOCKS = YES;
				GCC_OPTIMIZATION_LEVEL = 0;
				GCC_PREPROCESSOR_DEFINITIONS = (
					"DEBUG=1",
					"$(inherited)",
				);
				GCC_WARN_64_TO_32_BIT_CONVERSION = YES;
				GCC_WARN_ABOUT_RETURN_TYPE = YES_ERROR;
				GCC_WARN_UNDECLARED_SELECTOR = YES;
				GCC_WARN_UNINITIALIZED_AUTOS = YES_AGGRESSIVE;
				GCC_WARN_UNUSED_FUNCTION = YES;
				GCC_WARN_UNUSED_VARIABLE = YES;
				IPHONEOS_DEPLOYMENT_TARGET = 13.2;
				MTL_ENABLE_DEBUG_INFO = INCLUDE_SOURCE;
				MTL_FAST_MATH = YES;
				ONLY_ACTIVE_ARCH = YES;
				SDKROOT = iphoneos;
				SWIFT_ACTIVE_COMPILATION_CONDITIONS = DEBUG;
				SWIFT_OPTIMIZATION_LEVEL = "-Onone";
			};
			name = Debug;
		};
		BB92BC0F237BFC6900D7A2E4 /* Release */ = {
			isa = XCBuildConfiguration;
			buildSettings = {
				ALWAYS_SEARCH_USER_PATHS = NO;
				CLANG_ANALYZER_NONNULL = YES;
				CLANG_ANALYZER_NUMBER_OBJECT_CONVERSION = YES_AGGRESSIVE;
				CLANG_CXX_LANGUAGE_STANDARD = "gnu++14";
				CLANG_CXX_LIBRARY = "libc++";
				CLANG_ENABLE_MODULES = YES;
				CLANG_ENABLE_OBJC_ARC = YES;
				CLANG_ENABLE_OBJC_WEAK = YES;
				CLANG_WARN_BLOCK_CAPTURE_AUTORELEASING = YES;
				CLANG_WARN_BOOL_CONVERSION = YES;
				CLANG_WARN_COMMA = YES;
				CLANG_WARN_CONSTANT_CONVERSION = YES;
				CLANG_WARN_DEPRECATED_OBJC_IMPLEMENTATIONS = YES;
				CLANG_WARN_DIRECT_OBJC_ISA_USAGE = YES_ERROR;
				CLANG_WARN_DOCUMENTATION_COMMENTS = YES;
				CLANG_WARN_EMPTY_BODY = YES;
				CLANG_WARN_ENUM_CONVERSION = YES;
				CLANG_WARN_INFINITE_RECURSION = YES;
				CLANG_WARN_INT_CONVERSION = YES;
				CLANG_WARN_NON_LITERAL_NULL_CONVERSION = YES;
				CLANG_WARN_OBJC_IMPLICIT_RETAIN_SELF = YES;
				CLANG_WARN_OBJC_LITERAL_CONVERSION = YES;
				CLANG_WARN_OBJC_ROOT_CLASS = YES_ERROR;
				CLANG_WARN_RANGE_LOOP_ANALYSIS = YES;
				CLANG_WARN_STRICT_PROTOTYPES = YES;
				CLANG_WARN_SUSPICIOUS_MOVE = YES;
				CLANG_WARN_UNGUARDED_AVAILABILITY = YES_AGGRESSIVE;
				CLANG_WARN_UNREACHABLE_CODE = YES;
				CLANG_WARN__DUPLICATE_METHOD_MATCH = YES;
				COPY_PHASE_STRIP = NO;
				DEBUG_INFORMATION_FORMAT = "dwarf-with-dsym";
				ENABLE_NS_ASSERTIONS = NO;
				ENABLE_STRICT_OBJC_MSGSEND = YES;
				GCC_C_LANGUAGE_STANDARD = gnu11;
				GCC_NO_COMMON_BLOCKS = YES;
				GCC_WARN_64_TO_32_BIT_CONVERSION = YES;
				GCC_WARN_ABOUT_RETURN_TYPE = YES_ERROR;
				GCC_WARN_UNDECLARED_SELECTOR = YES;
				GCC_WARN_UNINITIALIZED_AUTOS = YES_AGGRESSIVE;
				GCC_WARN_UNUSED_FUNCTION = YES;
				GCC_WARN_UNUSED_VARIABLE = YES;
				IPHONEOS_DEPLOYMENT_TARGET = 13.2;
				MTL_ENABLE_DEBUG_INFO = NO;
				MTL_FAST_MATH = YES;
				SDKROOT = iphoneos;
				SWIFT_COMPILATION_MODE = wholemodule;
				SWIFT_OPTIMIZATION_LEVEL = "-O";
				VALIDATE_PRODUCT = YES;
			};
			name = Release;
		};
		BB92BC11237BFC6900D7A2E4 /* Debug */ = {
			isa = XCBuildConfiguration;
			baseConfigurationReference = CAFB8E0FFBFE367D8B801680 /* Pods-Country.debug.xcconfig */;
			buildSettings = {
				ASSETCATALOG_COMPILER_APPICON_NAME = AppIcon;
				CODE_SIGN_STYLE = Automatic;
				DEVELOPMENT_TEAM = G95FT9YH4D;
				INFOPLIST_FILE = Country/Info.plist;
				LD_RUNPATH_SEARCH_PATHS = (
					"$(inherited)",
					"@executable_path/Frameworks",
				);
				PRODUCT_BUNDLE_IDENTIFIER = fp.Country;
				PRODUCT_NAME = "$(TARGET_NAME)";
				SWIFT_VERSION = 5.0;
				TARGETED_DEVICE_FAMILY = "1,2";
			};
			name = Debug;
		};
		BB92BC12237BFC6900D7A2E4 /* Release */ = {
			isa = XCBuildConfiguration;
			baseConfigurationReference = 14EA130DC982082466D95FAA /* Pods-Country.release.xcconfig */;
			buildSettings = {
				ASSETCATALOG_COMPILER_APPICON_NAME = AppIcon;
				CODE_SIGN_STYLE = Automatic;
				DEVELOPMENT_TEAM = G95FT9YH4D;
				INFOPLIST_FILE = Country/Info.plist;
				LD_RUNPATH_SEARCH_PATHS = (
					"$(inherited)",
					"@executable_path/Frameworks",
				);
				PRODUCT_BUNDLE_IDENTIFIER = fp.Country;
				PRODUCT_NAME = "$(TARGET_NAME)";
				SWIFT_VERSION = 5.0;
				TARGETED_DEVICE_FAMILY = "1,2";
			};
			name = Release;
		};
		BB92BC14237BFC6900D7A2E4 /* Debug */ = {
			isa = XCBuildConfiguration;
			baseConfigurationReference = BB9F50C89FCB41A3713E3375 /* Pods-CountryTests.debug.xcconfig */;
			buildSettings = {
				ALWAYS_EMBED_SWIFT_STANDARD_LIBRARIES = YES;
				BUNDLE_LOADER = "$(TEST_HOST)";
				CODE_SIGN_STYLE = Automatic;
				DEVELOPMENT_TEAM = G95FT9YH4D;
				INFOPLIST_FILE = CountryTests/Info.plist;
				IPHONEOS_DEPLOYMENT_TARGET = 13.2;
				LD_RUNPATH_SEARCH_PATHS = (
					"$(inherited)",
					"@executable_path/Frameworks",
					"@loader_path/Frameworks",
				);
				PRODUCT_BUNDLE_IDENTIFIER = fp.CountryTests;
				PRODUCT_NAME = "$(TARGET_NAME)";
				SWIFT_VERSION = 5.0;
				TARGETED_DEVICE_FAMILY = "1,2";
				TEST_HOST = "$(BUILT_PRODUCTS_DIR)/Country.app/Country";
			};
			name = Debug;
		};
		BB92BC15237BFC6900D7A2E4 /* Release */ = {
			isa = XCBuildConfiguration;
			baseConfigurationReference = 911874D2513F8E017E3B3A79 /* Pods-CountryTests.release.xcconfig */;
			buildSettings = {
				ALWAYS_EMBED_SWIFT_STANDARD_LIBRARIES = YES;
				BUNDLE_LOADER = "$(TEST_HOST)";
				CODE_SIGN_STYLE = Automatic;
				DEVELOPMENT_TEAM = G95FT9YH4D;
				INFOPLIST_FILE = CountryTests/Info.plist;
				IPHONEOS_DEPLOYMENT_TARGET = 13.2;
				LD_RUNPATH_SEARCH_PATHS = (
					"$(inherited)",
					"@executable_path/Frameworks",
					"@loader_path/Frameworks",
				);
				PRODUCT_BUNDLE_IDENTIFIER = fp.CountryTests;
				PRODUCT_NAME = "$(TARGET_NAME)";
				SWIFT_VERSION = 5.0;
				TARGETED_DEVICE_FAMILY = "1,2";
				TEST_HOST = "$(BUILT_PRODUCTS_DIR)/Country.app/Country";
			};
			name = Release;
		};
		BB92BC17237BFC6900D7A2E4 /* Debug */ = {
			isa = XCBuildConfiguration;
			baseConfigurationReference = E28F3C4BF6623013373D9656 /* Pods-Country-CountryUITests.debug.xcconfig */;
			buildSettings = {
				ALWAYS_EMBED_SWIFT_STANDARD_LIBRARIES = YES;
				CODE_SIGN_STYLE = Automatic;
				DEVELOPMENT_TEAM = G95FT9YH4D;
				INFOPLIST_FILE = CountryUITests/Info.plist;
				LD_RUNPATH_SEARCH_PATHS = (
					"$(inherited)",
					"@executable_path/Frameworks",
					"@loader_path/Frameworks",
				);
				PRODUCT_BUNDLE_IDENTIFIER = fp.CountryUITests;
				PRODUCT_NAME = "$(TARGET_NAME)";
				SWIFT_VERSION = 5.0;
				TARGETED_DEVICE_FAMILY = "1,2";
				TEST_TARGET_NAME = Country;
			};
			name = Debug;
		};
		BB92BC18237BFC6900D7A2E4 /* Release */ = {
			isa = XCBuildConfiguration;
			baseConfigurationReference = FD8BE6EFDC2EF008F0BB6DA0 /* Pods-Country-CountryUITests.release.xcconfig */;
			buildSettings = {
				ALWAYS_EMBED_SWIFT_STANDARD_LIBRARIES = YES;
				CODE_SIGN_STYLE = Automatic;
				DEVELOPMENT_TEAM = G95FT9YH4D;
				INFOPLIST_FILE = CountryUITests/Info.plist;
				LD_RUNPATH_SEARCH_PATHS = (
					"$(inherited)",
					"@executable_path/Frameworks",
					"@loader_path/Frameworks",
				);
				PRODUCT_BUNDLE_IDENTIFIER = fp.CountryUITests;
				PRODUCT_NAME = "$(TARGET_NAME)";
				SWIFT_VERSION = 5.0;
				TARGETED_DEVICE_FAMILY = "1,2";
				TEST_TARGET_NAME = Country;
			};
			name = Release;
		};
/* End XCBuildConfiguration section */

/* Begin XCConfigurationList section */
		BB92BBE1237BFC6300D7A2E4 /* Build configuration list for PBXProject "Country" */ = {
			isa = XCConfigurationList;
			buildConfigurations = (
				BB92BC0E237BFC6900D7A2E4 /* Debug */,
				BB92BC0F237BFC6900D7A2E4 /* Release */,
			);
			defaultConfigurationIsVisible = 0;
			defaultConfigurationName = Release;
		};
		BB92BC10237BFC6900D7A2E4 /* Build configuration list for PBXNativeTarget "Country" */ = {
			isa = XCConfigurationList;
			buildConfigurations = (
				BB92BC11237BFC6900D7A2E4 /* Debug */,
				BB92BC12237BFC6900D7A2E4 /* Release */,
			);
			defaultConfigurationIsVisible = 0;
			defaultConfigurationName = Release;
		};
		BB92BC13237BFC6900D7A2E4 /* Build configuration list for PBXNativeTarget "CountryTests" */ = {
			isa = XCConfigurationList;
			buildConfigurations = (
				BB92BC14237BFC6900D7A2E4 /* Debug */,
				BB92BC15237BFC6900D7A2E4 /* Release */,
			);
			defaultConfigurationIsVisible = 0;
			defaultConfigurationName = Release;
		};
		BB92BC16237BFC6900D7A2E4 /* Build configuration list for PBXNativeTarget "CountryUITests" */ = {
			isa = XCConfigurationList;
			buildConfigurations = (
				BB92BC17237BFC6900D7A2E4 /* Debug */,
				BB92BC18237BFC6900D7A2E4 /* Release */,
			);
			defaultConfigurationIsVisible = 0;
			defaultConfigurationName = Release;
		};
/* End XCConfigurationList section */
	};
	rootObject = BB92BBDE237BFC6300D7A2E4 /* Project object */;
}
